
Microsoft Visual Studio Solution File, Format Version 12.00
# Visual Studio Version 16
VisualStudioVersion = 16.0.30907.101
MinimumVisualStudioVersion = 10.0.40219.1
Project("{9A19103F-16F7-4668-BE54-9A1E7A4F7556}") = "Iridium.Depend", "Iridium.Depend\Iridium.Depend.csproj", "{0D0672B9-5A52-491E-84FB-9722881092CD}"
EndProject
Project("{FAE04EC0-301F-11D3-BF4B-00C04F79EFBC}") = "Iridium.Depend.Test", "Iridium.Depend.Test\Iridium.Depend.Test.csproj", "{A3E2838D-8C8A-4D2B-9E7F-BF7C617BC852}"
EndProject
Global
	GlobalSection(SolutionConfigurationPlatforms) = preSolution
		Debug|Any CPU = Debug|Any CPU
		Release|Any CPU = Release|Any CPU
	EndGlobalSection
	GlobalSection(ProjectConfigurationPlatforms) = postSolution
		{0D0672B9-5A52-491E-84FB-9722881092CD}.Debug|Any CPU.ActiveCfg = Debug|Any CPU
		{0D0672B9-5A52-491E-84FB-9722881092CD}.Debug|Any CPU.Build.0 = Debug|Any CPU
		{0D0672B9-5A52-491E-84FB-9722881092CD}.Release|Any CPU.ActiveCfg = Release|Any CPU
		{0D0672B9-5A52-491E-84FB-9722881092CD}.Release|Any CPU.Build.0 = Release|Any CPU
		{A3E2838D-8C8A-4D2B-9E7F-BF7C617BC852}.Debug|Any CPU.ActiveCfg = Debug|Any CPU
		{A3E2838D-8C8A-4D2B-9E7F-BF7C617BC852}.Debug|Any CPU.Build.0 = Debug|Any CPU
		{A3E2838D-8C8A-4D2B-9E7F-BF7C617BC852}.Release|Any CPU.ActiveCfg = Release|Any CPU
		{A3E2838D-8C8A-4D2B-9E7F-BF7C617BC852}.Release|Any CPU.Build.0 = Release|Any CPU
	EndGlobalSection
	GlobalSection(SolutionProperties) = preSolution
		HideSolutionNode = FALSE
	EndGlobalSection
	GlobalSection(ExtensibilityGlobals) = postSolution
		SolutionGuid = {0D649F37-2047-4CB0-9133-6959AD1EC2FD}
	EndGlobalSection
EndGlobal
